
Microsoft Visual Studio Solution File, Format Version 11.00
# Visual Studio 2010
Project("{FAE04EC0-301F-11D3-BF4B-00C04F79EFBC}") = "WebServiceSunat", "WebServiceSunat\WebServiceSunat.csproj", "{36081ADF-63DD-4230-88E7-7F63D90EA17E}"
EndProject
Global
	GlobalSection(SolutionConfigurationPlatforms) = preSolution
		Debug|Any CPU = Debug|Any CPU
		Release|Any CPU = Release|Any CPU
	EndGlobalSection
	GlobalSection(ProjectConfigurationPlatforms) = postSolution
		{36081ADF-63DD-4230-88E7-7F63D90EA17E}.Debug|Any CPU.ActiveCfg = Debug|Any CPU
		{36081ADF-63DD-4230-88E7-7F63D90EA17E}.Debug|Any CPU.Build.0 = Debug|Any CPU
		{36081ADF-63DD-4230-88E7-7F63D90EA17E}.Release|Any CPU.ActiveCfg = Release|Any CPU
		{36081ADF-63DD-4230-88E7-7F63D90EA17E}.Release|Any CPU.Build.0 = Release|Any CPU
	EndGlobalSection
	GlobalSection(SolutionProperties) = preSolution
		HideSolutionNode = FALSE
	EndGlobalSection
EndGlobal
