
Microsoft Visual Studio Solution File, Format Version 11.00
# Visual Studio 2010
Project("{FAE04EC0-301F-11D3-BF4B-00C04F79EFBC}") = "DSDG4InternalService", "DSDG4InternalService\DSDG4InternalService.csproj", "{4A1D6F83-3FAC-4A8F-A8BC-665F72087043}"
EndProject
Project("{FAE04EC0-301F-11D3-BF4B-00C04F79EFBC}") = "DSDG4InternalService.Tests", "DSDG4InternalService.Tests\DSDG4InternalService.Tests.csproj", "{8C4B642A-1F71-4816-ADD6-3F359BAC2D30}"
EndProject
Global
	GlobalSection(SolutionConfigurationPlatforms) = preSolution
		Debug|Any CPU = Debug|Any CPU
		Release|Any CPU = Release|Any CPU
	EndGlobalSection
	GlobalSection(ProjectConfigurationPlatforms) = postSolution
		{4A1D6F83-3FAC-4A8F-A8BC-665F72087043}.Debug|Any CPU.ActiveCfg = Debug|Any CPU
		{4A1D6F83-3FAC-4A8F-A8BC-665F72087043}.Debug|Any CPU.Build.0 = Debug|Any CPU
		{4A1D6F83-3FAC-4A8F-A8BC-665F72087043}.Release|Any CPU.ActiveCfg = Release|Any CPU
		{4A1D6F83-3FAC-4A8F-A8BC-665F72087043}.Release|Any CPU.Build.0 = Release|Any CPU
		{8C4B642A-1F71-4816-ADD6-3F359BAC2D30}.Debug|Any CPU.ActiveCfg = Debug|Any CPU
		{8C4B642A-1F71-4816-ADD6-3F359BAC2D30}.Debug|Any CPU.Build.0 = Debug|Any CPU
		{8C4B642A-1F71-4816-ADD6-3F359BAC2D30}.Release|Any CPU.ActiveCfg = Release|Any CPU
		{8C4B642A-1F71-4816-ADD6-3F359BAC2D30}.Release|Any CPU.Build.0 = Release|Any CPU
	EndGlobalSection
	GlobalSection(SolutionProperties) = preSolution
		HideSolutionNode = FALSE
	EndGlobalSection
EndGlobal
